Microsoft Visual Studio Solution File, Format Version 12.00
# Visual Studio 2013
VisualStudioVersion = 12.0.31101.0
MinimumVisualStudioVersion = 10.0.40219.1
Project("{2150E333-8FDC-42A3-9474-1A3956D46DE8}") = "Assets", "Assets", "{2EC480A8-BA7F-46D7-9BAB-0B1684A868F1}"
	ProjectSection(SolutionItems) = preProject
		nuget.config = nuget.config
		README.md = README.md
		version.txt = version.txt
	EndProjectSection
EndProject
Project("{FAE04EC0-301F-11D3-BF4B-00C04F79EFBC}") = "JE.TurningPages", "src\JE.TurningPages\JE.TurningPages.csproj", "{34ACDBE5-8B6C-4432-86AA-9D8567CDC2B6}"
EndProject
Project("{FAE04EC0-301F-11D3-BF4B-00C04F79EFBC}") = "JE.TurningPages.Tests", "src\JE.TurningPages.Tests\JE.TurningPages.Tests.csproj", "{9BFCBA8C-171C-4DB4-8468-09204ADE4BC4}"
EndProject
Project("{FAE04EC0-301F-11D3-BF4B-00C04F79EFBC}") = "JE.TurningPages.Contracts", "src\JE.TurningPages.Contracts\JE.TurningPages.Contracts.csproj", "{398074BB-E322-42A2-8264-62F1D19A98EE}"
EndProject
Global
	GlobalSection(SolutionConfigurationPlatforms) = preSolution
		Debug|Any CPU = Debug|Any CPU
		Release|Any CPU = Release|Any CPU
	EndGlobalSection
	GlobalSection(ProjectConfigurationPlatforms) = postSolution
		{34ACDBE5-8B6C-4432-86AA-9D8567CDC2B6}.Debug|Any CPU.ActiveCfg = Debug|Any CPU
		{34ACDBE5-8B6C-4432-86AA-9D8567CDC2B6}.Debug|Any CPU.Build.0 = Debug|Any CPU
		{34ACDBE5-8B6C-4432-86AA-9D8567CDC2B6}.Release|Any CPU.ActiveCfg = Release|Any CPU
		{34ACDBE5-8B6C-4432-86AA-9D8567CDC2B6}.Release|Any CPU.Build.0 = Release|Any CPU
		{9BFCBA8C-171C-4DB4-8468-09204ADE4BC4}.Debug|Any CPU.ActiveCfg = Debug|Any CPU
		{9BFCBA8C-171C-4DB4-8468-09204ADE4BC4}.Debug|Any CPU.Build.0 = Debug|Any CPU
		{9BFCBA8C-171C-4DB4-8468-09204ADE4BC4}.Release|Any CPU.ActiveCfg = Release|Any CPU
		{9BFCBA8C-171C-4DB4-8468-09204ADE4BC4}.Release|Any CPU.Build.0 = Release|Any CPU
		{398074BB-E322-42A2-8264-62F1D19A98EE}.Debug|Any CPU.ActiveCfg = Debug|Any CPU
		{398074BB-E322-42A2-8264-62F1D19A98EE}.Debug|Any CPU.Build.0 = Debug|Any CPU
		{398074BB-E322-42A2-8264-62F1D19A98EE}.Release|Any CPU.ActiveCfg = Release|Any CPU
		{398074BB-E322-42A2-8264-62F1D19A98EE}.Release|Any CPU.Build.0 = Release|Any CPU
	EndGlobalSection
	GlobalSection(SolutionProperties) = preSolution
		HideSolutionNode = FALSE
	EndGlobalSection
EndGlobal
